
Microsoft Visual Studio Solution File, Format Version 12.00
# Visual Studio Version 16
VisualStudioVersion = 16.0.31321.278
MinimumVisualStudioVersion = 10.0.40219.1
Project("{FAE04EC0-301F-11D3-BF4B-00C04F79EFBC}") = "AppMochilando.Android", "AppMochilando\AppMochilando.Android\AppMochilando.Android.csproj", "{D1591257-F642-43DA-982D-7D9A3643A195}"
EndProject
Project("{FAE04EC0-301F-11D3-BF4B-00C04F79EFBC}") = "AppMochilando", "AppMochilando\AppMochilando\AppMochilando.csproj", "{9E8382A3-82EB-4CB6-8058-44A0B9346A34}"
EndProject
Global
	GlobalSection(SolutionConfigurationPlatforms) = preSolution
		Debug|Any CPU = Debug|Any CPU
		Release|Any CPU = Release|Any CPU
	EndGlobalSection
	GlobalSection(ProjectConfigurationPlatforms) = postSolution
		{D1591257-F642-43DA-982D-7D9A3643A195}.Debug|Any CPU.ActiveCfg = Debug|Any CPU
		{D1591257-F642-43DA-982D-7D9A3643A195}.Debug|Any CPU.Build.0 = Debug|Any CPU
		{D1591257-F642-43DA-982D-7D9A3643A195}.Debug|Any CPU.Deploy.0 = Debug|Any CPU
		{D1591257-F642-43DA-982D-7D9A3643A195}.Release|Any CPU.ActiveCfg = Release|Any CPU
		{D1591257-F642-43DA-982D-7D9A3643A195}.Release|Any CPU.Build.0 = Release|Any CPU
		{D1591257-F642-43DA-982D-7D9A3643A195}.Release|Any CPU.Deploy.0 = Release|Any CPU
		{9E8382A3-82EB-4CB6-8058-44A0B9346A34}.Debug|Any CPU.ActiveCfg = Debug|Any CPU
		{9E8382A3-82EB-4CB6-8058-44A0B9346A34}.Debug|Any CPU.Build.0 = Debug|Any CPU
		{9E8382A3-82EB-4CB6-8058-44A0B9346A34}.Debug|Any CPU.Deploy.0 = Debug|Any CPU
		{9E8382A3-82EB-4CB6-8058-44A0B9346A34}.Release|Any CPU.ActiveCfg = Release|Any CPU
		{9E8382A3-82EB-4CB6-8058-44A0B9346A34}.Release|Any CPU.Build.0 = Release|Any CPU
		{9E8382A3-82EB-4CB6-8058-44A0B9346A34}.Release|Any CPU.Deploy.0 = Release|Any CPU
	EndGlobalSection
	GlobalSection(SolutionProperties) = preSolution
		HideSolutionNode = FALSE
	EndGlobalSection
	GlobalSection(ExtensibilityGlobals) = postSolution
		SolutionGuid = {7DFCA3BF-B17C-4676-B781-43A5598FAB8F}
	EndGlobalSection
EndGlobal
